Microsoft Visual Studio Solution File, Format Version 12.00
# Visual Studio 15
VisualStudioVersion = 15.0.25807.0
MinimumVisualStudioVersion = 10.0.40219.1
Project("{2150E333-8FDC-42A3-9474-1A3956D46DE8}") = "Engine", "Engine", "{A52C0B34-8D19-4C26-80ED-415EF12B27E4}"
EndProject
Project("{2150E333-8FDC-42A3-9474-1A3956D46DE8}") = "Enterprise", "Enterprise", "{C57B36B1-175B-4BAD-A4B5-749F2C420140}"
EndProject
Project("{2150E333-8FDC-42A3-9474-1A3956D46DE8}") = "Games", "Games", "{4647230B-48B5-4390-AB40-026E41B46FEF}"
EndProject
Project("{8BC9CEB8-8B4A-11D0-8D11-00A0C91BC942}") = "UE4", "Intermediate\ProjectFiles\UE4.vcxproj", "{63451BC6-8B0B-41A8-A7F3-75283C60DDD6}"
EndProject
Project("{8BC9CEB8-8B4A-11D0-8D11-00A0C91BC942}") = "Studio", "Intermediate\ProjectFiles\Studio.vcxproj", "{29DCA2BB-FA3C-4CE3-88BD-08E4275519F0}"
EndProject
Project("{8BC9CEB8-8B4A-11D0-8D11-00A0C91BC942}") = "BuildingEscape", "Intermediate\ProjectFiles\BuildingEscape.vcxproj", "{683B31C6-9226-42E7-8F3D-10C689C32073}"
EndProject
Project("{2150E333-8FDC-42A3-9474-1A3956D46DE8}") = "Visualizers", "Visualizers", "{B7D45970-450C-4EDB-AFAC-572DEE20C647}"
	ProjectSection(SolutionItems) = preProject
		C:\Program Files\Epic Games\UE_4.21\Engine\Extras\VisualStudioDebugging\UE4.natvis = C:\Program Files\Epic Games\UE_4.21\Engine\Extras\VisualStudioDebugging\UE4.natvis
	EndProjectSection
EndProject
Global
	GlobalSection(SolutionConfigurationPlatforms) = preSolution
		DebugGame Editor|HTML5 = DebugGame Editor|HTML5
		DebugGame Editor|Win32 = DebugGame Editor|Win32
		DebugGame Editor|Win64 = DebugGame Editor|Win64
		DebugGame|HTML5 = DebugGame|HTML5
		DebugGame|Win32 = DebugGame|Win32
		DebugGame|Win64 = DebugGame|Win64
		Development Editor|HTML5 = Development Editor|HTML5
		Development Editor|Win32 = Development Editor|Win32
		Development Editor|Win64 = Development Editor|Win64
		Development|HTML5 = Development|HTML5
		Development|Win32 = Development|Win32
		Development|Win64 = Development|Win64
		Shipping|HTML5 = Shipping|HTML5
		Shipping|Win32 = Shipping|Win32
		Shipping|Win64 = Shipping|Win64
	EndGlobalSection
	GlobalSection(ProjectConfigurationPlatforms) = postSolution
		{63451BC6-8B0B-41A8-A7F3-75283C60DDD6}.DebugGame Editor|HTML5.ActiveCfg = BuiltWithUnrealBuildTool|Win32
		{63451BC6-8B0B-41A8-A7F3-75283C60DDD6}.DebugGame Editor|Win32.ActiveCfg = BuiltWithUnrealBuildTool|Win32
		{63451BC6-8B0B-41A8-A7F3-75283C60DDD6}.DebugGame Editor|Win64.ActiveCfg = BuiltWithUnrealBuildTool|Win32
		{63451BC6-8B0B-41A8-A7F3-75283C60DDD6}.DebugGame|HTML5.ActiveCfg = BuiltWithUnrealBuildTool|Win32
		{63451BC6-8B0B-41A8-A7F3-75283C60DDD6}.DebugGame|Win32.ActiveCfg = BuiltWithUnrealBuildTool|Win32
		{63451BC6-8B0B-41A8-A7F3-75283C60DDD6}.DebugGame|Win64.ActiveCfg = BuiltWithUnrealBuildTool|Win32
		{63451BC6-8B0B-41A8-A7F3-75283C60DDD6}.Development Editor|HTML5.ActiveCfg = BuiltWithUnrealBuildTool|Win32
		{63451BC6-8B0B-41A8-A7F3-75283C60DDD6}.Development Editor|Win32.ActiveCfg = BuiltWithUnrealBuildTool|Win32
		{63451BC6-8B0B-41A8-A7F3-75283C60DDD6}.Development Editor|Win64.ActiveCfg = BuiltWithUnrealBuildTool|Win32
		{63451BC6-8B0B-41A8-A7F3-75283C60DDD6}.Development|HTML5.ActiveCfg = BuiltWithUnrealBuildTool|Win32
		{63451BC6-8B0B-41A8-A7F3-75283C60DDD6}.Development|Win32.ActiveCfg = BuiltWithUnrealBuildTool|Win32
		{63451BC6-8B0B-41A8-A7F3-75283C60DDD6}.Development|Win64.ActiveCfg = BuiltWithUnrealBuildTool|Win32
		{63451BC6-8B0B-41A8-A7F3-75283C60DDD6}.Shipping|HTML5.ActiveCfg = BuiltWithUnrealBuildTool|Win32
		{63451BC6-8B0B-41A8-A7F3-75283C60DDD6}.Shipping|Win32.ActiveCfg = BuiltWithUnrealBuildTool|Win32
		{63451BC6-8B0B-41A8-A7F3-75283C60DDD6}.Shipping|Win64.ActiveCfg = BuiltWithUnrealBuildTool|Win32
		{29DCA2BB-FA3C-4CE3-88BD-08E4275519F0}.DebugGame Editor|HTML5.ActiveCfg = BuiltWithUnrealBuildTool|Win32
		{29DCA2BB-FA3C-4CE3-88BD-08E4275519F0}.DebugGame Editor|Win32.ActiveCfg = BuiltWithUnrealBuildTool|Win32
		{29DCA2BB-FA3C-4CE3-88BD-08E4275519F0}.DebugGame Editor|Win64.ActiveCfg = BuiltWithUnrealBuildTool|Win32
		{29DCA2BB-FA3C-4CE3-88BD-08E4275519F0}.DebugGame|HTML5.ActiveCfg = BuiltWithUnrealBuildTool|Win32
		{29DCA2BB-FA3C-4CE3-88BD-08E4275519F0}.DebugGame|Win32.ActiveCfg = BuiltWithUnrealBuildTool|Win32
		{29DCA2BB-FA3C-4CE3-88BD-08E4275519F0}.DebugGame|Win64.ActiveCfg = BuiltWithUnrealBuildTool|Win32
		{29DCA2BB-FA3C-4CE3-88BD-08E4275519F0}.Development Editor|HTML5.ActiveCfg = BuiltWithUnrealBuildTool|Win32
		{29DCA2BB-FA3C-4CE3-88BD-08E4275519F0}.Development Editor|Win32.ActiveCfg = BuiltWithUnrealBuildTool|Win32
		{29DCA2BB-FA3C-4CE3-88BD-08E4275519F0}.Development Editor|Win64.ActiveCfg = BuiltWithUnrealBuildTool|Win32
		{29DCA2BB-FA3C-4CE3-88BD-08E4275519F0}.Development|HTML5.ActiveCfg = BuiltWithUnrealBuildTool|Win32
		{29DCA2BB-FA3C-4CE3-88BD-08E4275519F0}.Development|Win32.ActiveCfg = BuiltWithUnrealBuildTool|Win32
		{29DCA2BB-FA3C-4CE3-88BD-08E4275519F0}.Development|Win64.ActiveCfg = BuiltWithUnrealBuildTool|Win32
		{29DCA2BB-FA3C-4CE3-88BD-08E4275519F0}.Shipping|HTML5.ActiveCfg = BuiltWithUnrealBuildTool|Win32
		{29DCA2BB-FA3C-4CE3-88BD-08E4275519F0}.Shipping|Win32.ActiveCfg = BuiltWithUnrealBuildTool|Win32
		{29DCA2BB-FA3C-4CE3-88BD-08E4275519F0}.Shipping|Win64.ActiveCfg = BuiltWithUnrealBuildTool|Win32
		{683B31C6-9226-42E7-8F3D-10C689C32073}.DebugGame Editor|HTML5.ActiveCfg = Invalid|Win32
		{683B31C6-9226-42E7-8F3D-10C689C32073}.DebugGame Editor|Win32.ActiveCfg = Invalid|Win32
		{683B31C6-9226-42E7-8F3D-10C689C32073}.DebugGame Editor|Win64.ActiveCfg = DebugGame_Editor|x64
		{683B31C6-9226-42E7-8F3D-10C689C32073}.DebugGame Editor|Win64.Build.0 = DebugGame_Editor|x64
		{683B31C6-9226-42E7-8F3D-10C689C32073}.DebugGame|HTML5.ActiveCfg = HTML5_DebugGame|Win32
		{683B31C6-9226-42E7-8F3D-10C689C32073}.DebugGame|HTML5.Build.0 = HTML5_DebugGame|Win32
		{683B31C6-9226-42E7-8F3D-10C689C32073}.DebugGame|Win32.ActiveCfg = DebugGame|Win32
		{683B31C6-9226-42E7-8F3D-10C689C32073}.DebugGame|Win32.Build.0 = DebugGame|Win32
		{683B31C6-9226-42E7-8F3D-10C689C32073}.DebugGame|Win64.ActiveCfg = DebugGame|x64
		{683B31C6-9226-42E7-8F3D-10C689C32073}.DebugGame|Win64.Build.0 = DebugGame|x64
		{683B31C6-9226-42E7-8F3D-10C689C32073}.Development Editor|HTML5.ActiveCfg = Invalid|Win32
		{683B31C6-9226-42E7-8F3D-10C689C32073}.Development Editor|Win32.ActiveCfg = Invalid|Win32
		{683B31C6-9226-42E7-8F3D-10C689C32073}.Development Editor|Win64.ActiveCfg = Development_Editor|x64
		{683B31C6-9226-42E7-8F3D-10C689C32073}.Development Editor|Win64.Build.0 = Development_Editor|x64
		{683B31C6-9226-42E7-8F3D-10C689C32073}.Development|HTML5.ActiveCfg = HTML5_Development|Win32
		{683B31C6-9226-42E7-8F3D-10C689C32073}.Development|HTML5.Build.0 = HTML5_Development|Win32
		{683B31C6-9226-42E7-8F3D-10C689C32073}.Development|Win32.ActiveCfg = Development|Win32
		{683B31C6-9226-42E7-8F3D-10C689C32073}.Development|Win32.Build.0 = Development|Win32
		{683B31C6-9226-42E7-8F3D-10C689C32073}.Development|Win64.ActiveCfg = Development|x64
		{683B31C6-9226-42E7-8F3D-10C689C32073}.Development|Win64.Build.0 = Development|x64
		{683B31C6-9226-42E7-8F3D-10C689C32073}.Shipping|HTML5.ActiveCfg = HTML5_Shipping|Win32
		{683B31C6-9226-42E7-8F3D-10C689C32073}.Shipping|HTML5.Build.0 = HTML5_Shipping|Win32
		{683B31C6-9226-42E7-8F3D-10C689C32073}.Shipping|Win32.ActiveCfg = Shipping|Win32
		{683B31C6-9226-42E7-8F3D-10C689C32073}.Shipping|Win32.Build.0 = Shipping|Win32
		{683B31C6-9226-42E7-8F3D-10C689C32073}.Shipping|Win64.ActiveCfg = Shipping|x64
		{683B31C6-9226-42E7-8F3D-10C689C32073}.Shipping|Win64.Build.0 = Shipping|x64
	EndGlobalSection
	GlobalSection(SolutionProperties) = preSolution
		HideSolutionNode = FALSE
	EndGlobalSection
	GlobalSection(NestedProjects) = preSolution
		{63451BC6-8B0B-41A8-A7F3-75283C60DDD6} = {A52C0B34-8D19-4C26-80ED-415EF12B27E4}
		{29DCA2BB-FA3C-4CE3-88BD-08E4275519F0} = {C57B36B1-175B-4BAD-A4B5-749F2C420140}
		{683B31C6-9226-42E7-8F3D-10C689C32073} = {4647230B-48B5-4390-AB40-026E41B46FEF}
		{683B31C6-9226-42E7-8F3D-10C689C32073} = {4647230B-48B5-4390-AB40-026E41B46FEF}
	EndGlobalSection
EndGlobal
